// !$*UTF8*$!
{
	archiveVersion = 1;
	classes = {
	};
	objectVersion = 56;
	objects = {

/* Begin PBXBuildFile section */
		DA2383A829C21B6A0015F153 /* groceryCalculatorApp.swift in Sources */ = {isa = PBXBuildFile; fileRef = DA2383A729C21B6A0015F153 /* groceryCalculatorApp.swift */; };
		DA2383AC29C21B6B0015F153 /* Assets.xcassets in Resources */ = {isa = PBXBuildFile; fileRef = DA2383AB29C21B6B0015F153 /* Assets.xcassets */; };
		DA2383B029C21B6B0015F153 /* Preview Assets.xcassets in Resources */ = {isa = PBXBuildFile; fileRef = DA2383AF29C21B6B0015F153 /* Preview Assets.xcassets */; };
		DADF91B829C68648005737F2 /* Colors.swift in Sources */ = {isa = PBXBuildFile; fileRef = DADF91B729C68648005737F2 /* Colors.swift */; };
		DADF91BC29C69B3D005737F2 /* CustomCircleButtonView.swift in Sources */ = {isa = PBXBuildFile; fileRef = DADF91BB29C69B3D005737F2 /* CustomCircleButtonView.swift */; };
		DADF91C229C6A494005737F2 /* HomeView.swift in Sources */ = {isa = PBXBuildFile; fileRef = DADF91C129C6A494005737F2 /* HomeView.swift */; };
		DADF91C429C6D11C005737F2 /* CustomHeaderView.swift in Sources */ = {isa = PBXBuildFile; fileRef = DADF91C329C6D11C005737F2 /* CustomHeaderView.swift */; };
		DADF91D529C7ACF2005737F2 /* ChartsSliptScreenView.swift in Sources */ = {isa = PBXBuildFile; fileRef = DADF91D429C7ACF2005737F2 /* ChartsSliptScreenView.swift */; };
		DADF91DB29C7CBEB005737F2 /* ChartsTabBarView.swift in Sources */ = {isa = PBXBuildFile; fileRef = DADF91DA29C7CBEB005737F2 /* ChartsTabBarView.swift */; };
		DADF91DD29C7DAD0005737F2 /* ChartsTabBarItems.swift in Sources */ = {isa = PBXBuildFile; fileRef = DADF91DC29C7DAD0005737F2 /* ChartsTabBarItems.swift */; };
		DADF91DF29C7E436005737F2 /* ChartsTabBarContainerView.swift in Sources */ = {isa = PBXBuildFile; fileRef = DADF91DE29C7E436005737F2 /* ChartsTabBarContainerView.swift */; };
		DADF91E129C7EAF7005737F2 /* ChartsTabBarItemsPreferenceKey.swift in Sources */ = {isa = PBXBuildFile; fileRef = DADF91E029C7EAF7005737F2 /* ChartsTabBarItemsPreferenceKey.swift */; };
		DADF91E329C7F159005737F2 /* ChartsView.swift in Sources */ = {isa = PBXBuildFile; fileRef = DADF91E229C7F159005737F2 /* ChartsView.swift */; };
		DADF91EE29C83DAF005737F2 /* ExpensesView.swift in Sources */ = {isa = PBXBuildFile; fileRef = DADF91ED29C83DAF005737F2 /* ExpensesView.swift */; };
		DADF91F129C841FE005737F2 /* CustomTabBarView.swift in Sources */ = {isa = PBXBuildFile; fileRef = DADF91F029C841FE005737F2 /* CustomTabBarView.swift */; };
		DADF91F329C84286005737F2 /* CustomTabBarItem.swift in Sources */ = {isa = PBXBuildFile; fileRef = DADF91F229C84286005737F2 /* CustomTabBarItem.swift */; };
		DADF91F529C8429D005737F2 /* CustomTabBarContainerView.swift in Sources */ = {isa = PBXBuildFile; fileRef = DADF91F429C8429D005737F2 /* CustomTabBarContainerView.swift */; };
		DADF91F729C842B0005737F2 /* CustomTabBarItemsPreferenceKey.swift in Sources */ = {isa = PBXBuildFile; fileRef = DADF91F629C842B0005737F2 /* CustomTabBarItemsPreferenceKey.swift */; };
		DADF91F929C8FBF7005737F2 /* TestingCustomTabPageView.swift in Sources */ = {isa = PBXBuildFile; fileRef = DADF91F829C8FBF7005737F2 /* TestingCustomTabPageView.swift */; };
		DADF91FB29C903F8005737F2 /* PantryView.swift in Sources */ = {isa = PBXBuildFile; fileRef = DADF91FA29C903F8005737F2 /* PantryView.swift */; };
		DADF91FD29C90405005737F2 /* ShoppingListView.swift in Sources */ = {isa = PBXBuildFile; fileRef = DADF91FC29C90405005737F2 /* ShoppingListView.swift */; };
		DADF91FF29C90417005737F2 /* HistoryView.swift in Sources */ = {isa = PBXBuildFile; fileRef = DADF91FE29C90417005737F2 /* HistoryView.swift */; };
		DADF920429C92C11005737F2 /* ShoppingListItemModel.swift in Sources */ = {isa = PBXBuildFile; fileRef = DADF920329C92C11005737F2 /* ShoppingListItemModel.swift */; };
		DADF920629C97A73005737F2 /* ShoppingListRowView.swift in Sources */ = {isa = PBXBuildFile; fileRef = DADF920529C97A73005737F2 /* ShoppingListRowView.swift */; };
		DADF920829CA0329005737F2 /* ShoppingListItemView.swift in Sources */ = {isa = PBXBuildFile; fileRef = DADF920729CA0329005737F2 /* ShoppingListItemView.swift */; };
		DADF920A29CA033A005737F2 /* ShoppingListItemRowView.swift in Sources */ = {isa = PBXBuildFile; fileRef = DADF920929CA033A005737F2 /* ShoppingListItemRowView.swift */; };
		DADF920C29CA6915005737F2 /* TestingView.swift in Sources */ = {isa = PBXBuildFile; fileRef = DADF920B29CA6915005737F2 /* TestingView.swift */; };
/* End PBXBuildFile section */

/* Begin PBXFileReference section */
		DA2383A429C21B6A0015F153 /* groceryCalculator.app */ = {isa = PBXFileReference; explicitFileType = wrapper.application; includeInIndex = 0; path = groceryCalculator.app; sourceTree = BUILT_PRODUCTS_DIR; };
		DA2383A729C21B6A0015F153 /* groceryCalculatorApp.swift */ = {isa = PBXFileReference; lastKnownFileType = sourcecode.swift; path = groceryCalculatorApp.swift; sourceTree = "<group>"; };
		DA2383AB29C21B6B0015F153 /* Assets.xcassets */ = {isa = PBXFileReference; lastKnownFileType = folder.assetcatalog; path = Assets.xcassets; sourceTree = "<group>"; };
		DA2383AD29C21B6B0015F153 /* groceryCalculator.entitlements */ = {isa = PBXFileReference; lastKnownFileType = text.plist.entitlements; path = groceryCalculator.entitlements; sourceTree = "<group>"; };
		DA2383AF29C21B6B0015F153 /* Preview Assets.xcassets */ = {isa = PBXFileReference; lastKnownFileType = folder.assetcatalog; path = "Preview Assets.xcassets"; sourceTree = "<group>"; };
		DADF91B729C68648005737F2 /* Colors.swift */ = {isa = PBXFileReference; lastKnownFileType = sourcecode.swift; path = Colors.swift; sourceTree = "<group>"; };
		DADF91BB29C69B3D005737F2 /* CustomCircleButtonView.swift */ = {isa = PBXFileReference; lastKnownFileType = sourcecode.swift; path = CustomCircleButtonView.swift; sourceTree = "<group>"; };
		DADF91C129C6A494005737F2 /* HomeView.swift */ = {isa = PBXFileReference; lastKnownFileType = sourcecode.swift; path = HomeView.swift; sourceTree = "<group>"; };
		DADF91C329C6D11C005737F2 /* CustomHeaderView.swift */ = {isa = PBXFileReference; lastKnownFileType = sourcecode.swift; path = CustomHeaderView.swift; sourceTree = "<group>"; };
		DADF91D429C7ACF2005737F2 /* ChartsSliptScreenView.swift */ = {isa = PBXFileReference; lastKnownFileType = sourcecode.swift; path = ChartsSliptScreenView.swift; sourceTree = "<group>"; };
		DADF91DA29C7CBEB005737F2 /* ChartsTabBarView.swift */ = {isa = PBXFileReference; lastKnownFileType = sourcecode.swift; path = ChartsTabBarView.swift; sourceTree = "<group>"; };
		DADF91DC29C7DAD0005737F2 /* ChartsTabBarItems.swift */ = {isa = PBXFileReference; lastKnownFileType = sourcecode.swift; path = ChartsTabBarItems.swift; sourceTree = "<group>"; };
		DADF91DE29C7E436005737F2 /* ChartsTabBarContainerView.swift */ = {isa = PBXFileReference; lastKnownFileType = sourcecode.swift; path = ChartsTabBarContainerView.swift; sourceTree = "<group>"; };
		DADF91E029C7EAF7005737F2 /* ChartsTabBarItemsPreferenceKey.swift */ = {isa = PBXFileReference; lastKnownFileType = sourcecode.swift; path = ChartsTabBarItemsPreferenceKey.swift; sourceTree = "<group>"; };
		DADF91E229C7F159005737F2 /* ChartsView.swift */ = {isa = PBXFileReference; lastKnownFileType = sourcecode.swift; path = ChartsView.swift; sourceTree = "<group>"; };
		DADF91ED29C83DAF005737F2 /* ExpensesView.swift */ = {isa = PBXFileReference; lastKnownFileType = sourcecode.swift; path = ExpensesView.swift; sourceTree = "<group>"; };
		DADF91F029C841FE005737F2 /* CustomTabBarView.swift */ = {isa = PBXFileReference; lastKnownFileType = sourcecode.swift; path = CustomTabBarView.swift; sourceTree = "<group>"; };
		DADF91F229C84286005737F2 /* CustomTabBarItem.swift */ = {isa = PBXFileReference; lastKnownFileType = sourcecode.swift; path = CustomTabBarItem.swift; sourceTree = "<group>"; };
		DADF91F429C8429D005737F2 /* CustomTabBarContainerView.swift */ = {isa = PBXFileReference; lastKnownFileType = sourcecode.swift; path = CustomTabBarContainerView.swift; sourceTree = "<group>"; };
		DADF91F629C842B0005737F2 /* CustomTabBarItemsPreferenceKey.swift */ = {isa = PBXFileReference; lastKnownFileType = sourcecode.swift; path = CustomTabBarItemsPreferenceKey.swift; sourceTree = "<group>"; };
		DADF91F829C8FBF7005737F2 /* TestingCustomTabPageView.swift */ = {isa = PBXFileReference; lastKnownFileType = sourcecode.swift; path = TestingCustomTabPageView.swift; sourceTree = "<group>"; };
		DADF91FA29C903F8005737F2 /* PantryView.swift */ = {isa = PBXFileReference; lastKnownFileType = sourcecode.swift; path = PantryView.swift; sourceTree = "<group>"; };
		DADF91FC29C90405005737F2 /* ShoppingListView.swift */ = {isa = PBXFileReference; lastKnownFileType = sourcecode.swift; path = ShoppingListView.swift; sourceTree = "<group>"; };
		DADF91FE29C90417005737F2 /* HistoryView.swift */ = {isa = PBXFileReference; lastKnownFileType = sourcecode.swift; path = HistoryView.swift; sourceTree = "<group>"; };
		DADF920329C92C11005737F2 /* ShoppingListItemModel.swift */ = {isa = PBXFileReference; lastKnownFileType = sourcecode.swift; path = ShoppingListItemModel.swift; sourceTree = "<group>"; };
		DADF920529C97A73005737F2 /* ShoppingListRowView.swift */ = {isa = PBXFileReference; lastKnownFileType = sourcecode.swift; path = ShoppingListRowView.swift; sourceTree = "<group>"; };
		DADF920729CA0329005737F2 /* ShoppingListItemView.swift */ = {isa = PBXFileReference; lastKnownFileType = sourcecode.swift; path = ShoppingListItemView.swift; sourceTree = "<group>"; };
		DADF920929CA033A005737F2 /* ShoppingListItemRowView.swift */ = {isa = PBXFileReference; lastKnownFileType = sourcecode.swift; path = ShoppingListItemRowView.swift; sourceTree = "<group>"; };
		DADF920B29CA6915005737F2 /* TestingView.swift */ = {isa = PBXFileReference; lastKnownFileType = sourcecode.swift; path = TestingView.swift; sourceTree = "<group>"; };
/* End PBXFileReference section */

/* Begin PBXFrameworksBuildPhase section */
		DA2383A129C21B6A0015F153 /* Frameworks */ = {
			isa = PBXFrameworksBuildPhase;
			buildActionMask = 2147483647;
			files = (
			);
			runOnlyForDeploymentPostprocessing = 0;
		};
/* End PBXFrameworksBuildPhase section */

/* Begin PBXGroup section */
		DA23839B29C21B6A0015F153 = {
			isa = PBXGroup;
			children = (
				DA2383A629C21B6A0015F153 /* groceryCalculator */,
				DA2383A529C21B6A0015F153 /* Products */,
			);
			sourceTree = "<group>";
		};
		DA2383A529C21B6A0015F153 /* Products */ = {
			isa = PBXGroup;
			children = (
				DA2383A429C21B6A0015F153 /* groceryCalculator.app */,
			);
			name = Products;
			sourceTree = "<group>";
		};
		DA2383A629C21B6A0015F153 /* groceryCalculator */ = {
			isa = PBXGroup;
			children = (
				DA2383A729C21B6A0015F153 /* groceryCalculatorApp.swift */,
				DADF920B29CA6915005737F2 /* TestingView.swift */,
				DADF91B929C69B02005737F2 /* Core */,
				DADF91B629C68631005737F2 /* Extension */,
				DA2383AB29C21B6B0015F153 /* Assets.xcassets */,
				DA2383AD29C21B6B0015F153 /* groceryCalculator.entitlements */,
				DA2383AE29C21B6B0015F153 /* Preview Content */,
			);
			path = groceryCalculator;
			sourceTree = "<group>";
		};
		DA2383AE29C21B6B0015F153 /* Preview Content */ = {
			isa = PBXGroup;
			children = (
				DA2383AF29C21B6B0015F153 /* Preview Assets.xcassets */,
			);
			path = "Preview Content";
			sourceTree = "<group>";
		};
		DADF91B629C68631005737F2 /* Extension */ = {
			isa = PBXGroup;
			children = (
				DADF91B729C68648005737F2 /* Colors.swift */,
			);
			path = Extension;
			sourceTree = "<group>";
		};
		DADF91B929C69B02005737F2 /* Core */ = {
			isa = PBXGroup;
			children = (
				DADF91BA29C69B0F005737F2 /* Components */,
				DADF91C529C6D232005737F2 /* Pantry */,
				DADF91CB29C6D2A3005737F2 /* ShoppingList */,
				DADF91C829C6D25C005737F2 /* Expenses */,
				DADF91CE29C6D475005737F2 /* History */,
				DADF91BD29C6A2EE005737F2 /* Home */,
			);
			path = Core;
			sourceTree = "<group>";
		};
		DADF91BA29C69B0F005737F2 /* Components */ = {
			isa = PBXGroup;
			children = (
				DADF91EF29C841E6005737F2 /* CustomTabBar */,
				DADF91D129C7ACCC005737F2 /* Charts */,
				DADF91BB29C69B3D005737F2 /* CustomCircleButtonView.swift */,
				DADF91C329C6D11C005737F2 /* CustomHeaderView.swift */,
			);
			path = Components;
			sourceTree = "<group>";
		};
		DADF91BD29C6A2EE005737F2 /* Home */ = {
			isa = PBXGroup;
			children = (
				DADF91BF29C6A330005737F2 /* ViewModels */,
				DADF91C029C6A342005737F2 /* Views */,
			);
			path = Home;
			sourceTree = "<group>";
		};
		DADF91BF29C6A330005737F2 /* ViewModels */ = {
			isa = PBXGroup;
			children = (
			);
			path = ViewModels;
			sourceTree = "<group>";
		};
		DADF91C029C6A342005737F2 /* Views */ = {
			isa = PBXGroup;
			children = (
				DADF91C129C6A494005737F2 /* HomeView.swift */,
			);
			path = Views;
			sourceTree = "<group>";
		};
		DADF91C529C6D232005737F2 /* Pantry */ = {
			isa = PBXGroup;
			children = (
				DADF91C729C6D245005737F2 /* ViewModels */,
				DADF91C629C6D23F005737F2 /* Views */,
			);
			path = Pantry;
			sourceTree = "<group>";
		};
		DADF91C629C6D23F005737F2 /* Views */ = {
			isa = PBXGroup;
			children = (
				DADF91FA29C903F8005737F2 /* PantryView.swift */,
			);
			path = Views;
			sourceTree = "<group>";
		};
		DADF91C729C6D245005737F2 /* ViewModels */ = {
			isa = PBXGroup;
			children = (
			);
			path = ViewModels;
			sourceTree = "<group>";
		};
		DADF91C829C6D25C005737F2 /* Expenses */ = {
			isa = PBXGroup;
			children = (
				DADF91CA29C6D275005737F2 /* ViewModels */,
				DADF91C929C6D26F005737F2 /* Views */,
			);
			path = Expenses;
			sourceTree = "<group>";
		};
		DADF91C929C6D26F005737F2 /* Views */ = {
			isa = PBXGroup;
			children = (
				DADF91ED29C83DAF005737F2 /* ExpensesView.swift */,
			);
			path = Views;
			sourceTree = "<group>";
		};
		DADF91CA29C6D275005737F2 /* ViewModels */ = {
			isa = PBXGroup;
			children = (
			);
			path = ViewModels;
			sourceTree = "<group>";
		};
		DADF91CB29C6D2A3005737F2 /* ShoppingList */ = {
			isa = PBXGroup;
			children = (
				DADF920229C92BF0005737F2 /* Model */,
				DADF91CF29C6D497005737F2 /* ViewModels */,
				DADF91D029C6D4A3005737F2 /* Views */,
			);
			path = ShoppingList;
			sourceTree = "<group>";
		};
		DADF91CC29C6D2AD005737F2 /* Views */ = {
			isa = PBXGroup;
			children = (
				DADF91FE29C90417005737F2 /* HistoryView.swift */,
			);
			path = Views;
			sourceTree = "<group>";
		};
		DADF91CD29C6D2B5005737F2 /* ViewModels */ = {
			isa = PBXGroup;
			children = (
			);
			path = ViewModels;
			sourceTree = "<group>";
		};
		DADF91CE29C6D475005737F2 /* History */ = {
			isa = PBXGroup;
			children = (
				DADF91CD29C6D2B5005737F2 /* ViewModels */,
				DADF91CC29C6D2AD005737F2 /* Views */,
			);
			path = History;
			sourceTree = "<group>";
		};
		DADF91CF29C6D497005737F2 /* ViewModels */ = {
			isa = PBXGroup;
			children = (
			);
			path = ViewModels;
			sourceTree = "<group>";
		};
		DADF91D029C6D4A3005737F2 /* Views */ = {
			isa = PBXGroup;
			children = (
				DADF91FC29C90405005737F2 /* ShoppingListView.swift */,
				DADF920529C97A73005737F2 /* ShoppingListRowView.swift */,
				DADF920729CA0329005737F2 /* ShoppingListItemView.swift */,
				DADF920929CA033A005737F2 /* ShoppingListItemRowView.swift */,
			);
			path = Views;
			sourceTree = "<group>";
		};
		DADF91D129C7ACCC005737F2 /* Charts */ = {
			isa = PBXGroup;
			children = (
				DADF91D329C7ACDE005737F2 /* ViewModels */,
				DADF91D229C7ACD7005737F2 /* Views */,
			);
			path = Charts;
			sourceTree = "<group>";
		};
		DADF91D229C7ACD7005737F2 /* Views */ = {
			isa = PBXGroup;
			children = (
				DADF91D429C7ACF2005737F2 /* ChartsSliptScreenView.swift */,
				DADF91E229C7F159005737F2 /* ChartsView.swift */,
				DADF91DA29C7CBEB005737F2 /* ChartsTabBarView.swift */,
				DADF91DC29C7DAD0005737F2 /* ChartsTabBarItems.swift */,
				DADF91DE29C7E436005737F2 /* ChartsTabBarContainerView.swift */,
				DADF91E029C7EAF7005737F2 /* ChartsTabBarItemsPreferenceKey.swift */,
			);
			path = Views;
			sourceTree = "<group>";
		};
		DADF91D329C7ACDE005737F2 /* ViewModels */ = {
			isa = PBXGroup;
			children = (
			);
			path = ViewModels;
			sourceTree = "<group>";
		};
		DADF91EF29C841E6005737F2 /* CustomTabBar */ = {
			isa = PBXGroup;
			children = (
				DADF91F029C841FE005737F2 /* CustomTabBarView.swift */,
				DADF91F229C84286005737F2 /* CustomTabBarItem.swift */,
				DADF91F429C8429D005737F2 /* CustomTabBarContainerView.swift */,
				DADF91F629C842B0005737F2 /* CustomTabBarItemsPreferenceKey.swift */,
				DADF91F829C8FBF7005737F2 /* TestingCustomTabPageView.swift */,
			);
			path = CustomTabBar;
			sourceTree = "<group>";
		};
		DADF920229C92BF0005737F2 /* Model */ = {
			isa = PBXGroup;
			children = (
				DADF920329C92C11005737F2 /* ShoppingListItemModel.swift */,
			);
			path = Model;
			sourceTree = "<group>";
		};
/* End PBXGroup section */

/* Begin PBXNativeTarget section */
		DA2383A329C21B6A0015F153 /* groceryCalculator */ = {
			isa = PBXNativeTarget;
			buildConfigurationList = DA2383B329C21B6B0015F153 /* Build configuration list for PBXNativeTarget "groceryCalculator" */;
			buildPhases = (
				DA2383A029C21B6A0015F153 /* Sources */,
				DA2383A129C21B6A0015F153 /* Frameworks */,
				DA2383A229C21B6A0015F153 /* Resources */,
			);
			buildRules = (
			);
			dependencies = (
			);
			name = groceryCalculator;
			productName = groceryCalculator;
			productReference = DA2383A429C21B6A0015F153 /* groceryCalculator.app */;
			productType = "com.apple.product-type.application";
		};
/* End PBXNativeTarget section */

/* Begin PBXProject section */
		DA23839C29C21B6A0015F153 /* Project object */ = {
			isa = PBXProject;
			attributes = {
				BuildIndependentTargetsInParallel = 1;
				LastSwiftUpdateCheck = 1410;
				LastUpgradeCheck = 1420;
				TargetAttributes = {
					DA2383A329C21B6A0015F153 = {
						CreatedOnToolsVersion = 14.1;
					};
				};
			};
			buildConfigurationList = DA23839F29C21B6A0015F153 /* Build configuration list for PBXProject "groceryCalculator" */;
			compatibilityVersion = "Xcode 14.0";
			developmentRegion = en;
			hasScannedForEncodings = 0;
			knownRegions = (
				en,
				Base,
			);
			mainGroup = DA23839B29C21B6A0015F153;
			productRefGroup = DA2383A529C21B6A0015F153 /* Products */;
			projectDirPath = "";
			projectRoot = "";
			targets = (
				DA2383A329C21B6A0015F153 /* groceryCalculator */,
			);
		};
/* End PBXProject section */

/* Begin PBXResourcesBuildPhase section */
		DA2383A229C21B6A0015F153 /* Resources */ = {
			isa = PBXResourcesBuildPhase;
			buildActionMask = 2147483647;
			files = (
				DA2383B029C21B6B0015F153 /* Preview Assets.xcassets in Resources */,
				DA2383AC29C21B6B0015F153 /* Assets.xcassets in Resources */,
			);
			runOnlyForDeploymentPostprocessing = 0;
		};
/* End PBXResourcesBuildPhase section */

/* Begin PBXSourcesBuildPhase section */
		DA2383A029C21B6A0015F153 /* Sources */ = {
			isa = PBXSourcesBuildPhase;
			buildActionMask = 2147483647;
			files = (
				DADF91C429C6D11C005737F2 /* CustomHeaderView.swift in Sources */,
				DADF920C29CA6915005737F2 /* TestingView.swift in Sources */,
				DADF91E329C7F159005737F2 /* ChartsView.swift in Sources */,
				DADF91F129C841FE005737F2 /* CustomTabBarView.swift in Sources */,
				DADF91B829C68648005737F2 /* Colors.swift in Sources */,
				DADF920629C97A73005737F2 /* ShoppingListRowView.swift in Sources */,
				DADF91EE29C83DAF005737F2 /* ExpensesView.swift in Sources */,
				DADF91E129C7EAF7005737F2 /* ChartsTabBarItemsPreferenceKey.swift in Sources */,
				DADF920829CA0329005737F2 /* ShoppingListItemView.swift in Sources */,
				DADF91FB29C903F8005737F2 /* PantryView.swift in Sources */,
				DADF91DB29C7CBEB005737F2 /* ChartsTabBarView.swift in Sources */,
				DADF91DF29C7E436005737F2 /* ChartsTabBarContainerView.swift in Sources */,
				DADF91DD29C7DAD0005737F2 /* ChartsTabBarItems.swift in Sources */,
				DADF91F929C8FBF7005737F2 /* TestingCustomTabPageView.swift in Sources */,
				DADF920429C92C11005737F2 /* ShoppingListItemModel.swift in Sources */,
				DADF91C229C6A494005737F2 /* HomeView.swift in Sources */,
				DADF91BC29C69B3D005737F2 /* CustomCircleButtonView.swift in Sources */,
				DADF91F729C842B0005737F2 /* CustomTabBarItemsPreferenceKey.swift in Sources */,
				DADF91FD29C90405005737F2 /* ShoppingListView.swift in Sources */,
				DA2383A829C21B6A0015F153 /* groceryCalculatorApp.swift in Sources */,
				DADF91F329C84286005737F2 /* CustomTabBarItem.swift in Sources */,
				DADF91FF29C90417005737F2 /* HistoryView.swift in Sources */,
				DADF91D529C7ACF2005737F2 /* ChartsSliptScreenView.swift in Sources */,
				DADF920A29CA033A005737F2 /* ShoppingListItemRowView.swift in Sources */,
				DADF91F529C8429D005737F2 /* CustomTabBarContainerView.swift in Sources */,
			);
			runOnlyForDeploymentPostprocessing = 0;
		};
/* End PBXSourcesBuildPhase section */

/* Begin XCBuildConfiguration section */
		DA2383B129C21B6B0015F153 /* Debug */ = {
			isa = XCBuildConfiguration;
			buildSettings = {
				ALWAYS_SEARCH_USER_PATHS = NO;
				CLANG_ANALYZER_NONNULL = YES;
				CLANG_ANALYZER_NUMBER_OBJECT_CONVERSION = YES_AGGRESSIVE;
				CLANG_CXX_LANGUAGE_STANDARD = "gnu++20";
				CLANG_ENABLE_MODULES = YES;
				CLANG_ENABLE_OBJC_ARC = YES;
				CLANG_ENABLE_OBJC_WEAK = YES;
				CLANG_WARN_BLOCK_CAPTURE_AUTORELEASING = YES;
				CLANG_WARN_BOOL_CONVERSION = YES;
				CLANG_WARN_COMMA = YES;
				CLANG_WARN_CONSTANT_CONVERSION = YES;
				CLANG_WARN_DEPRECATED_OBJC_IMPLEMENTATIONS = YES;
				CLANG_WARN_DIRECT_OBJC_ISA_USAGE = YES_ERROR;
				CLANG_WARN_DOCUMENTATION_COMMENTS = YES;
				CLANG_WARN_EMPTY_BODY = YES;
				CLANG_WARN_ENUM_CONVERSION = YES;
				CLANG_WARN_INFINITE_RECURSION = YES;
				CLANG_WARN_INT_CONVERSION = YES;
				CLANG_WARN_NON_LITERAL_NULL_CONVERSION = YES;
				CLANG_WARN_OBJC_IMPLICIT_RETAIN_SELF = YES;
				CLANG_WARN_OBJC_LITERAL_CONVERSION = YES;
				CLANG_WARN_OBJC_ROOT_CLASS = YES_ERROR;
				CLANG_WARN_QUOTED_INCLUDE_IN_FRAMEWORK_HEADER = YES;
				CLANG_WARN_RANGE_LOOP_ANALYSIS = YES;
				CLANG_WARN_STRICT_PROTOTYPES = YES;
				CLANG_WARN_SUSPICIOUS_MOVE = YES;
				CLANG_WARN_UNGUARDED_AVAILABILITY = YES_AGGRESSIVE;
				CLANG_WARN_UNREACHABLE_CODE = YES;
				CLANG_WARN__DUPLICATE_METHOD_MATCH = YES;
				COPY_PHASE_STRIP = NO;
				DEAD_CODE_STRIPPING = YES;
				DEBUG_INFORMATION_FORMAT = dwarf;
				ENABLE_STRICT_OBJC_MSGSEND = YES;
				ENABLE_TESTABILITY = YES;
				GCC_C_LANGUAGE_STANDARD = gnu11;
				GCC_DYNAMIC_NO_PIC = NO;
				GCC_NO_COMMON_BLOCKS = YES;
				GCC_OPTIMIZATION_LEVEL = 0;
				GCC_PREPROCESSOR_DEFINITIONS = (
					"DEBUG=1",
					"$(inherited)",
				);
				GCC_WARN_64_TO_32_BIT_CONVERSION = YES;
				GCC_WARN_ABOUT_RETURN_TYPE = YES_ERROR;
				GCC_WARN_UNDECLARED_SELECTOR = YES;
				GCC_WARN_UNINITIALIZED_AUTOS = YES_AGGRESSIVE;
				GCC_WARN_UNUSED_FUNCTION = YES;
				GCC_WARN_UNUSED_VARIABLE = YES;
				MTL_ENABLE_DEBUG_INFO = INCLUDE_SOURCE;
				MTL_FAST_MATH = YES;
				ONLY_ACTIVE_ARCH = YES;
				SWIFT_ACTIVE_COMPILATION_CONDITIONS = DEBUG;
				SWIFT_OPTIMIZATION_LEVEL = "-Onone";
			};
			name = Debug;
		};
		DA2383B229C21B6B0015F153 /* Release */ = {
			isa = XCBuildConfiguration;
			buildSettings = {
				ALWAYS_SEARCH_USER_PATHS = NO;
				CLANG_ANALYZER_NONNULL = YES;
				CLANG_ANALYZER_NUMBER_OBJECT_CONVERSION = YES_AGGRESSIVE;
				CLANG_CXX_LANGUAGE_STANDARD = "gnu++20";
				CLANG_ENABLE_MODULES = YES;
				CLANG_ENABLE_OBJC_ARC = YES;
				CLANG_ENABLE_OBJC_WEAK = YES;
				CLANG_WARN_BLOCK_CAPTURE_AUTORELEASING = YES;
				CLANG_WARN_BOOL_CONVERSION = YES;
				CLANG_WARN_COMMA = YES;
				CLANG_WARN_CONSTANT_CONVERSION = YES;
				CLANG_WARN_DEPRECATED_OBJC_IMPLEMENTATIONS = YES;
				CLANG_WARN_DIRECT_OBJC_ISA_USAGE = YES_ERROR;
				CLANG_WARN_DOCUMENTATION_COMMENTS = YES;
				CLANG_WARN_EMPTY_BODY = YES;
				CLANG_WARN_ENUM_CONVERSION = YES;
				CLANG_WARN_INFINITE_RECURSION = YES;
				CLANG_WARN_INT_CONVERSION = YES;
				CLANG_WARN_NON_LITERAL_NULL_CONVERSION = YES;
				CLANG_WARN_OBJC_IMPLICIT_RETAIN_SELF = YES;
				CLANG_WARN_OBJC_LITERAL_CONVERSION = YES;
				CLANG_WARN_OBJC_ROOT_CLASS = YES_ERROR;
				CLANG_WARN_QUOTED_INCLUDE_IN_FRAMEWORK_HEADER = YES;
				CLANG_WARN_RANGE_LOOP_ANALYSIS = YES;
				CLANG_WARN_STRICT_PROTOTYPES = YES;
				CLANG_WARN_SUSPICIOUS_MOVE = YES;
				CLANG_WARN_UNGUARDED_AVAILABILITY = YES_AGGRESSIVE;
				CLANG_WARN_UNREACHABLE_CODE = YES;
				CLANG_WARN__DUPLICATE_METHOD_MATCH = YES;
				COPY_PHASE_STRIP = NO;
				DEAD_CODE_STRIPPING = YES;
				DEBUG_INFORMATION_FORMAT = "dwarf-with-dsym";
				ENABLE_NS_ASSERTIONS = NO;
				ENABLE_STRICT_OBJC_MSGSEND = YES;
				GCC_C_LANGUAGE_STANDARD = gnu11;
				GCC_NO_COMMON_BLOCKS = YES;
				GCC_WARN_64_TO_32_BIT_CONVERSION = YES;
				GCC_WARN_ABOUT_RETURN_TYPE = YES_ERROR;
				GCC_WARN_UNDECLARED_SELECTOR = YES;
				GCC_WARN_UNINITIALIZED_AUTOS = YES_AGGRESSIVE;
				GCC_WARN_UNUSED_FUNCTION = YES;
				GCC_WARN_UNUSED_VARIABLE = YES;
				MTL_ENABLE_DEBUG_INFO = NO;
				MTL_FAST_MATH = YES;
				SWIFT_COMPILATION_MODE = wholemodule;
				SWIFT_OPTIMIZATION_LEVEL = "-O";
			};
			name = Release;
		};
		DA2383B429C21B6B0015F153 /* Debug */ = {
			isa = XCBuildConfiguration;
			buildSettings = {
				ASSETCATALOG_COMPILER_APPICON_NAME = AppIcon;
				ASSETCATALOG_COMPILER_GLOBAL_ACCENT_COLOR_NAME = AccentColor;
				CODE_SIGN_ENTITLEMENTS = groceryCalculator/groceryCalculator.entitlements;
				CODE_SIGN_IDENTITY = "-";
				CODE_SIGN_STYLE = Automatic;
				CURRENT_PROJECT_VERSION = 1;
				DEAD_CODE_STRIPPING = YES;
				DEVELOPMENT_ASSET_PATHS = "\"groceryCalculator/Preview Content\"";
				DEVELOPMENT_TEAM = 4P2C9WR2BJ;
				ENABLE_HARDENED_RUNTIME = YES;
				ENABLE_PREVIEWS = YES;
				GENERATE_INFOPLIST_FILE = YES;
				INFOPLIST_KEY_CFBundleDisplayName = "Grocery Calculator";
				INFOPLIST_KEY_LSApplicationCategoryType = "public.app-category.shopping";
				"INFOPLIST_KEY_UIApplicationSceneManifest_Generation[sdk=iphoneos*]" = YES;
				"INFOPLIST_KEY_UIApplicationSceneManifest_Generation[sdk=iphonesimulator*]" = YES;
				"INFOPLIST_KEY_UIApplicationSupportsIndirectInputEvents[sdk=iphoneos*]" = YES;
				"INFOPLIST_KEY_UIApplicationSupportsIndirectInputEvents[sdk=iphonesimulator*]" = YES;
				"INFOPLIST_KEY_UILaunchScreen_Generation[sdk=iphoneos*]" = YES;
				"INFOPLIST_KEY_UILaunchScreen_Generation[sdk=iphonesimulator*]" = YES;
				"INFOPLIST_KEY_UIStatusBarStyle[sdk=iphoneos*]" = UIStatusBarStyleDefault;
				"INFOPLIST_KEY_UIStatusBarStyle[sdk=iphonesimulator*]" = UIStatusBarStyleDefault;
				INFOPLIST_KEY_UISupportedInterfaceOrientations = UIInterfaceOrientationPortrait;
				INFOPLIST_KEY_UISupportedInterfaceOrientations_iPad = "UIInterfaceOrientationLandscapeLeft UIInterfaceOrientationLandscapeRight UIInterfaceOrientationPortrait UIInterfaceOrientationPortraitUpsideDown";
				IPHONEOS_DEPLOYMENT_TARGET = 16.0;
				LD_RUNPATH_SEARCH_PATHS = "@executable_path/Frameworks";
				"LD_RUNPATH_SEARCH_PATHS[sdk=macosx*]" = "@executable_path/../Frameworks";
				MACOSX_DEPLOYMENT_TARGET = 12.0;
				MARKETING_VERSION = 1.0;
				PRODUCT_BUNDLE_IDENTIFIER = com.rahuladepu.groceryCalculator;
				PRODUCT_NAME = "$(TARGET_NAME)";
				SDKROOT = auto;
				SUPPORTED_PLATFORMS = "iphoneos iphonesimulator macosx";
				SUPPORTS_MACCATALYST = NO;
				SUPPORTS_MAC_DESIGNED_FOR_IPHONE_IPAD = NO;
				SWIFT_EMIT_LOC_STRINGS = YES;
				SWIFT_VERSION = 5.0;
				TARGETED_DEVICE_FAMILY = 1;
			};
			name = Debug;
		};
		DA2383B529C21B6B0015F153 /* Release */ = {
			isa = XCBuildConfiguration;
			buildSettings = {
				ASSETCATALOG_COMPILER_APPICON_NAME = AppIcon;
				ASSETCATALOG_COMPILER_GLOBAL_ACCENT_COLOR_NAME = AccentColor;
				CODE_SIGN_ENTITLEMENTS = groceryCalculator/groceryCalculator.entitlements;
				CODE_SIGN_IDENTITY = "-";
				CODE_SIGN_STYLE = Automatic;
				CURRENT_PROJECT_VERSION = 1;
				DEAD_CODE_STRIPPING = YES;
				DEVELOPMENT_ASSET_PATHS = "\"groceryCalculator/Preview Content\"";
				DEVELOPMENT_TEAM = 4P2C9WR2BJ;
				ENABLE_HARDENED_RUNTIME = YES;
				ENABLE_PREVIEWS = YES;
				GENERATE_INFOPLIST_FILE = YES;
				INFOPLIST_KEY_CFBundleDisplayName = "Grocery Calculator";
				INFOPLIST_KEY_LSApplicationCategoryType = "public.app-category.shopping";
				"INFOPLIST_KEY_UIApplicationSceneManifest_Generation[sdk=iphoneos*]" = YES;
				"INFOPLIST_KEY_UIApplicationSceneManifest_Generation[sdk=iphonesimulator*]" = YES;
				"INFOPLIST_KEY_UIApplicationSupportsIndirectInputEvents[sdk=iphoneos*]" = YES;
				"INFOPLIST_KEY_UIApplicationSupportsIndirectInputEvents[sdk=iphonesimulator*]" = YES;
				"INFOPLIST_KEY_UILaunchScreen_Generation[sdk=iphoneos*]" = YES;
				"INFOPLIST_KEY_UILaunchScreen_Generation[sdk=iphonesimulator*]" = YES;
				"INFOPLIST_KEY_UIStatusBarStyle[sdk=iphoneos*]" = UIStatusBarStyleDefault;
				"INFOPLIST_KEY_UIStatusBarStyle[sdk=iphonesimulator*]" = UIStatusBarStyleDefault;
				INFOPLIST_KEY_UISupportedInterfaceOrientations = UIInterfaceOrientationPortrait;
				INFOPLIST_KEY_UISupportedInterfaceOrientations_iPad = "UIInterfaceOrientationLandscapeLeft UIInterfaceOrientationLandscapeRight UIInterfaceOrientationPortrait UIInterfaceOrientationPortraitUpsideDown";
				IPHONEOS_DEPLOYMENT_TARGET = 16.0;
				LD_RUNPATH_SEARCH_PATHS = "@executable_path/Frameworks";
				"LD_RUNPATH_SEARCH_PATHS[sdk=macosx*]" = "@executable_path/../Frameworks";
				MACOSX_DEPLOYMENT_TARGET = 12.0;
				MARKETING_VERSION = 1.0;
				PRODUCT_BUNDLE_IDENTIFIER = com.rahuladepu.groceryCalculator;
				PRODUCT_NAME = "$(TARGET_NAME)";
				SDKROOT = auto;
				SUPPORTED_PLATFORMS = "iphoneos iphonesimulator macosx";
				SUPPORTS_MACCATALYST = NO;
				SUPPORTS_MAC_DESIGNED_FOR_IPHONE_IPAD = NO;
				SWIFT_EMIT_LOC_STRINGS = YES;
				SWIFT_VERSION = 5.0;
				TARGETED_DEVICE_FAMILY = 1;
			};
			name = Release;
		};
/* End XCBuildConfiguration section */

/* Begin XCConfigurationList section */
		DA23839F29C21B6A0015F153 /* Build configuration list for PBXProject "groceryCalculator" */ = {
			isa = XCConfigurationList;
			buildConfigurations = (
				DA2383B129C21B6B0015F153 /* Debug */,
				DA2383B229C21B6B0015F153 /* Release */,
			);
			defaultConfigurationIsVisible = 0;
			defaultConfigurationName = Release;
		};
		DA2383B329C21B6B0015F153 /* Build configuration list for PBXNativeTarget "groceryCalculator" */ = {
			isa = XCConfigurationList;
			buildConfigurations = (
				DA2383B429C21B6B0015F153 /* Debug */,
				DA2383B529C21B6B0015F153 /* Release */,
			);
			defaultConfigurationIsVisible = 0;
			defaultConfigurationName = Release;
		};
/* End XCConfigurationList section */
	};
	rootObject = DA23839C29C21B6A0015F153 /* Project object */;
}
